// !$*UTF8*$!
{
	archiveVersion = 1;
	classes = {
	};
	objectVersion = 56;
	objects = {

/* Begin PBXBuildFile section */
		3FC0C4A72BE03FB5000A93F8 /* CinematicApp.swift in Sources */ = {isa = PBXBuildFile; fileRef = 3FC0C4A62BE03FB5000A93F8 /* CinematicApp.swift */; };
		3FC0C4A92BE03FB5000A93F8 /* ContentView.swift in Sources */ = {isa = PBXBuildFile; fileRef = 3FC0C4A82BE03FB5000A93F8 /* ContentView.swift */; };
		3FC0C4AB2BE03FB9000A93F8 /* Assets.xcassets in Resources */ = {isa = PBXBuildFile; fileRef = 3FC0C4AA2BE03FB9000A93F8 /* Assets.xcassets */; };
		3FC0C4AE2BE03FB9000A93F8 /* Preview Assets.xcassets in Resources */ = {isa = PBXBuildFile; fileRef = 3FC0C4AD2BE03FB9000A93F8 /* Preview Assets.xcassets */; };
		3FC0C4B02BE03FB9000A93F8 /* Persistence.swift in Sources */ = {isa = PBXBuildFile; fileRef = 3FC0C4AF2BE03FB9000A93F8 /* Persistence.swift */; };
		3FC0C4B32BE03FB9000A93F8 /* cinematic.xcdatamodeld in Sources */ = {isa = PBXBuildFile; fileRef = 3FC0C4B12BE03FB9000A93F8 /* cinematic.xcdatamodeld */; };
		3FC0C4BD2BE04EE3000A93F8 /* Api.swift in Sources */ = {isa = PBXBuildFile; fileRef = 3FC0C4BC2BE04EE3000A93F8 /* Api.swift */; };
		3FC0C4C12BE05091000A93F8 /* Movie.swift in Sources */ = {isa = PBXBuildFile; fileRef = 3FC0C4C02BE05091000A93F8 /* Movie.swift */; };
		3FC0C4C32BE05319000A93F8 /* OmdbApi.swift in Sources */ = {isa = PBXBuildFile; fileRef = 3FC0C4C22BE05319000A93F8 /* OmdbApi.swift */; };
/* End PBXBuildFile section */

/* Begin PBXFileReference section */
		3FC0C4A32BE03FB5000A93F8 /* cinematic.app */ = {isa = PBXFileReference; explicitFileType = wrapper.application; includeInIndex = 0; path = cinematic.app; sourceTree = BUILT_PRODUCTS_DIR; };
		3FC0C4A62BE03FB5000A93F8 /* CinematicApp.swift */ = {isa = PBXFileReference; lastKnownFileType = sourcecode.swift; path = CinematicApp.swift; sourceTree = "<group>"; };
		3FC0C4A82BE03FB5000A93F8 /* ContentView.swift */ = {isa = PBXFileReference; lastKnownFileType = sourcecode.swift; path = ContentView.swift; sourceTree = "<group>"; };
		3FC0C4AA2BE03FB9000A93F8 /* Assets.xcassets */ = {isa = PBXFileReference; lastKnownFileType = folder.assetcatalog; path = Assets.xcassets; sourceTree = "<group>"; };
		3FC0C4AD2BE03FB9000A93F8 /* Preview Assets.xcassets */ = {isa = PBXFileReference; lastKnownFileType = folder.assetcatalog; path = "Preview Assets.xcassets"; sourceTree = "<group>"; };
		3FC0C4AF2BE03FB9000A93F8 /* Persistence.swift */ = {isa = PBXFileReference; lastKnownFileType = sourcecode.swift; path = Persistence.swift; sourceTree = "<group>"; };
		3FC0C4B22BE03FB9000A93F8 /* cinematic.xcdatamodel */ = {isa = PBXFileReference; lastKnownFileType = wrapper.xcdatamodel; path = cinematic.xcdatamodel; sourceTree = "<group>"; };
		3FC0C4BC2BE04EE3000A93F8 /* Api.swift */ = {isa = PBXFileReference; lastKnownFileType = sourcecode.swift; path = Api.swift; sourceTree = "<group>"; };
		3FC0C4C02BE05091000A93F8 /* Movie.swift */ = {isa = PBXFileReference; lastKnownFileType = sourcecode.swift; path = Movie.swift; sourceTree = "<group>"; };
		3FC0C4C22BE05319000A93F8 /* OmdbApi.swift */ = {isa = PBXFileReference; lastKnownFileType = sourcecode.swift; path = OmdbApi.swift; sourceTree = "<group>"; };
/* End PBXFileReference section */

/* Begin PBXFrameworksBuildPhase section */
		3FC0C4A02BE03FB5000A93F8 /* Frameworks */ = {
			isa = PBXFrameworksBuildPhase;
			buildActionMask = 2147483647;
			files = (
			);
			runOnlyForDeploymentPostprocessing = 0;
		};
/* End PBXFrameworksBuildPhase section */

/* Begin PBXGroup section */
		3FC0C49A2BE03FB5000A93F8 = {
			isa = PBXGroup;
			children = (
				3FC0C4A52BE03FB5000A93F8 /* cinematic */,
				3FC0C4A42BE03FB5000A93F8 /* Products */,
			);
			sourceTree = "<group>";
		};
		3FC0C4A42BE03FB5000A93F8 /* Products */ = {
			isa = PBXGroup;
			children = (
				3FC0C4A32BE03FB5000A93F8 /* cinematic.app */,
			);
			name = Products;
			sourceTree = "<group>";
		};
		3FC0C4A52BE03FB5000A93F8 /* cinematic */ = {
			isa = PBXGroup;
			children = (
				3FC0C4BF2BE05085000A93F8 /* Model */,
				3FC0C4BB2BE048BD000A93F8 /* Resources */,
				3FC0C4BA2BE048A7000A93F8 /* ViewModel */,
				3FC0C4A62BE03FB5000A93F8 /* CinematicApp.swift */,
				3FC0C4B92BE0408D000A93F8 /* View */,
				3FC0C4AA2BE03FB9000A93F8 /* Assets.xcassets */,
				3FC0C4AC2BE03FB9000A93F8 /* Preview Content */,
			);
			path = cinematic;
			sourceTree = "<group>";
		};
		3FC0C4AC2BE03FB9000A93F8 /* Preview Content */ = {
			isa = PBXGroup;
			children = (
				3FC0C4AD2BE03FB9000A93F8 /* Preview Assets.xcassets */,
			);
			path = "Preview Content";
			sourceTree = "<group>";
		};
		3FC0C4B92BE0408D000A93F8 /* View */ = {
			isa = PBXGroup;
			children = (
				3FC0C4A82BE03FB5000A93F8 /* ContentView.swift */,
			);
			path = View;
			sourceTree = "<group>";
		};
		3FC0C4BA2BE048A7000A93F8 /* ViewModel */ = {
			isa = PBXGroup;
			children = (
				3FC0C4BE2BE04EE8000A93F8 /* Api */,
				3FC0C4AF2BE03FB9000A93F8 /* Persistence.swift */,
			);
			path = ViewModel;
			sourceTree = "<group>";
		};
		3FC0C4BB2BE048BD000A93F8 /* Resources */ = {
			isa = PBXGroup;
			children = (
				3FC0C4B12BE03FB9000A93F8 /* cinematic.xcdatamodeld */,
			);
			path = Resources;
			sourceTree = "<group>";
		};
		3FC0C4BE2BE04EE8000A93F8 /* Api */ = {
			isa = PBXGroup;
			children = (
				3FC0C4BC2BE04EE3000A93F8 /* Api.swift */,
				3FC0C4C22BE05319000A93F8 /* OmdbApi.swift */,
			);
			path = Api;
			sourceTree = "<group>";
		};
		3FC0C4BF2BE05085000A93F8 /* Model */ = {
			isa = PBXGroup;
			children = (
				3FC0C4C02BE05091000A93F8 /* Movie.swift */,
			);
			path = Model;
			sourceTree = "<group>";
		};
/* End PBXGroup section */

/* Begin PBXNativeTarget section */
		3FC0C4A22BE03FB5000A93F8 /* cinematic */ = {
			isa = PBXNativeTarget;
			buildConfigurationList = 3FC0C4B62BE03FB9000A93F8 /* Build configuration list for PBXNativeTarget "cinematic" */;
			buildPhases = (
				3FC0C49F2BE03FB5000A93F8 /* Sources */,
				3FC0C4A02BE03FB5000A93F8 /* Frameworks */,
				3FC0C4A12BE03FB5000A93F8 /* Resources */,
			);
			buildRules = (
			);
			dependencies = (
			);
			name = cinematic;
			productName = cinematic;
			productReference = 3FC0C4A32BE03FB5000A93F8 /* cinematic.app */;
			productType = "com.apple.product-type.application";
		};
/* End PBXNativeTarget section */

/* Begin PBXProject section */
		3FC0C49B2BE03FB5000A93F8 /* Project object */ = {
			isa = PBXProject;
			attributes = {
				BuildIndependentTargetsInParallel = 1;
				LastSwiftUpdateCheck = 1500;
				LastUpgradeCheck = 1500;
				TargetAttributes = {
					3FC0C4A22BE03FB5000A93F8 = {
						CreatedOnToolsVersion = 15.0.1;
					};
				};
			};
			buildConfigurationList = 3FC0C49E2BE03FB5000A93F8 /* Build configuration list for PBXProject "cinematic" */;
			compatibilityVersion = "Xcode 14.0";
			developmentRegion = en;
			hasScannedForEncodings = 0;
			knownRegions = (
				en,
				Base,
			);
			mainGroup = 3FC0C49A2BE03FB5000A93F8;
			productRefGroup = 3FC0C4A42BE03FB5000A93F8 /* Products */;
			projectDirPath = "";
			projectRoot = "";
			targets = (
				3FC0C4A22BE03FB5000A93F8 /* cinematic */,
			);
		};
/* End PBXProject section */

/* Begin PBXResourcesBuildPhase section */
		3FC0C4A12BE03FB5000A93F8 /* Resources */ = {
			isa = PBXResourcesBuildPhase;
			buildActionMask = 2147483647;
			files = (
				3FC0C4AE2BE03FB9000A93F8 /* Preview Assets.xcassets in Resources */,
				3FC0C4AB2BE03FB9000A93F8 /* Assets.xcassets in Resources */,
			);
			runOnlyForDeploymentPostprocessing = 0;
		};
/* End PBXResourcesBuildPhase section */

/* Begin PBXSourcesBuildPhase section */
		3FC0C49F2BE03FB5000A93F8 /* Sources */ = {
			isa = PBXSourcesBuildPhase;
			buildActionMask = 2147483647;
			files = (
				3FC0C4B02BE03FB9000A93F8 /* Persistence.swift in Sources */,
				3FC0C4A92BE03FB5000A93F8 /* ContentView.swift in Sources */,
				3FC0C4C32BE05319000A93F8 /* OmdbApi.swift in Sources */,
				3FC0C4C12BE05091000A93F8 /* Movie.swift in Sources */,
				3FC0C4A72BE03FB5000A93F8 /* CinematicApp.swift in Sources */,
				3FC0C4BD2BE04EE3000A93F8 /* Api.swift in Sources */,
				3FC0C4B32BE03FB9000A93F8 /* cinematic.xcdatamodeld in Sources */,
			);
			runOnlyForDeploymentPostprocessing = 0;
		};
/* End PBXSourcesBuildPhase section */

/* Begin XCBuildConfiguration section */
		3FC0C4B42BE03FB9000A93F8 /* Debug */ = {
			isa = XCBuildConfiguration;
			buildSettings = {
				ALWAYS_SEARCH_USER_PATHS = NO;
				ASSETCATALOG_COMPILER_GENERATE_SWIFT_ASSET_SYMBOL_EXTENSIONS = YES;
				CLANG_ANALYZER_NONNULL = YES;
				CLANG_ANALYZER_NUMBER_OBJECT_CONVERSION = YES_AGGRESSIVE;
				CLANG_CXX_LANGUAGE_STANDARD = "gnu++20";
				CLANG_ENABLE_MODULES = YES;
				CLANG_ENABLE_OBJC_ARC = YES;
				CLANG_ENABLE_OBJC_WEAK = YES;
				CLANG_WARN_BLOCK_CAPTURE_AUTORELEASING = YES;
				CLANG_WARN_BOOL_CONVERSION = YES;
				CLANG_WARN_COMMA = YES;
				CLANG_WARN_CONSTANT_CONVERSION = YES;
				CLANG_WARN_DEPRECATED_OBJC_IMPLEMENTATIONS = YES;
				CLANG_WARN_DIRECT_OBJC_ISA_USAGE = YES_ERROR;
				CLANG_WARN_DOCUMENTATION_COMMENTS = YES;
				CLANG_WARN_EMPTY_BODY = YES;
				CLANG_WARN_ENUM_CONVERSION = YES;
				CLANG_WARN_INFINITE_RECURSION = YES;
				CLANG_WARN_INT_CONVERSION = YES;
				CLANG_WARN_NON_LITERAL_NULL_CONVERSION = YES;
				CLANG_WARN_OBJC_IMPLICIT_RETAIN_SELF = YES;
				CLANG_WARN_OBJC_LITERAL_CONVERSION = YES;
				CLANG_WARN_OBJC_ROOT_CLASS = YES_ERROR;
				CLANG_WARN_QUOTED_INCLUDE_IN_FRAMEWORK_HEADER = YES;
				CLANG_WARN_RANGE_LOOP_ANALYSIS = YES;
				CLANG_WARN_STRICT_PROTOTYPES = YES;
				CLANG_WARN_SUSPICIOUS_MOVE = YES;
				CLANG_WARN_UNGUARDED_AVAILABILITY = YES_AGGRESSIVE;
				CLANG_WARN_UNREACHABLE_CODE = YES;
				CLANG_WARN__DUPLICATE_METHOD_MATCH = YES;
				COPY_PHASE_STRIP = NO;
				DEBUG_INFORMATION_FORMAT = dwarf;
				ENABLE_STRICT_OBJC_MSGSEND = YES;
				ENABLE_TESTABILITY = YES;
				ENABLE_USER_SCRIPT_SANDBOXING = YES;
				GCC_C_LANGUAGE_STANDARD = gnu17;
				GCC_DYNAMIC_NO_PIC = NO;
				GCC_NO_COMMON_BLOCKS = YES;
				GCC_OPTIMIZATION_LEVEL = 0;
				GCC_PREPROCESSOR_DEFINITIONS = (
					"DEBUG=1",
					"$(inherited)",
				);
				GCC_WARN_64_TO_32_BIT_CONVERSION = YES;
				GCC_WARN_ABOUT_RETURN_TYPE = YES_ERROR;
				GCC_WARN_UNDECLARED_SELECTOR = YES;
				GCC_WARN_UNINITIALIZED_AUTOS = YES_AGGRESSIVE;
				GCC_WARN_UNUSED_FUNCTION = YES;
				GCC_WARN_UNUSED_VARIABLE = YES;
				IPHONEOS_DEPLOYMENT_TARGET = 17.0;
				LOCALIZATION_PREFERS_STRING_CATALOGS = YES;
				MTL_ENABLE_DEBUG_INFO = INCLUDE_SOURCE;
				MTL_FAST_MATH = YES;
				ONLY_ACTIVE_ARCH = YES;
				SDKROOT = iphoneos;
				SWIFT_ACTIVE_COMPILATION_CONDITIONS = "DEBUG $(inherited)";
				SWIFT_OPTIMIZATION_LEVEL = "-Onone";
			};
			name = Debug;
		};
		3FC0C4B52BE03FB9000A93F8 /* Release */ = {
			isa = XCBuildConfiguration;
			buildSettings = {
				ALWAYS_SEARCH_USER_PATHS = NO;
				ASSETCATALOG_COMPILER_GENERATE_SWIFT_ASSET_SYMBOL_EXTENSIONS = YES;
				CLANG_ANALYZER_NONNULL = YES;
				CLANG_ANALYZER_NUMBER_OBJECT_CONVERSION = YES_AGGRESSIVE;
				CLANG_CXX_LANGUAGE_STANDARD = "gnu++20";
				CLANG_ENABLE_MODULES = YES;
				CLANG_ENABLE_OBJC_ARC = YES;
				CLANG_ENABLE_OBJC_WEAK = YES;
				CLANG_WARN_BLOCK_CAPTURE_AUTORELEASING = YES;
				CLANG_WARN_BOOL_CONVERSION = YES;
				CLANG_WARN_COMMA = YES;
				CLANG_WARN_CONSTANT_CONVERSION = YES;
				CLANG_WARN_DEPRECATED_OBJC_IMPLEMENTATIONS = YES;
				CLANG_WARN_DIRECT_OBJC_ISA_USAGE = YES_ERROR;
				CLANG_WARN_DOCUMENTATION_COMMENTS = YES;
				CLANG_WARN_EMPTY_BODY = YES;
				CLANG_WARN_ENUM_CONVERSION = YES;
				CLANG_WARN_INFINITE_RECURSION = YES;
				CLANG_WARN_INT_CONVERSION = YES;
				CLANG_WARN_NON_LITERAL_NULL_CONVERSION = YES;
				CLANG_WARN_OBJC_IMPLICIT_RETAIN_SELF = YES;
				CLANG_WARN_OBJC_LITERAL_CONVERSION = YES;
				CLANG_WARN_OBJC_ROOT_CLASS = YES_ERROR;
				CLANG_WARN_QUOTED_INCLUDE_IN_FRAMEWORK_HEADER = YES;
				CLANG_WARN_RANGE_LOOP_ANALYSIS = YES;
				CLANG_WARN_STRICT_PROTOTYPES = YES;
				CLANG_WARN_SUSPICIOUS_MOVE = YES;
				CLANG_WARN_UNGUARDED_AVAILABILITY = YES_AGGRESSIVE;
				CLANG_WARN_UNREACHABLE_CODE = YES;
				CLANG_WARN__DUPLICATE_METHOD_MATCH = YES;
				COPY_PHASE_STRIP = NO;
				DEBUG_INFORMATION_FORMAT = "dwarf-with-dsym";
				ENABLE_NS_ASSERTIONS = NO;
				ENABLE_STRICT_OBJC_MSGSEND = YES;
				ENABLE_USER_SCRIPT_SANDBOXING = YES;
				GCC_C_LANGUAGE_STANDARD = gnu17;
				GCC_NO_COMMON_BLOCKS = YES;
				GCC_WARN_64_TO_32_BIT_CONVERSION = YES;
				GCC_WARN_ABOUT_RETURN_TYPE = YES_ERROR;
				GCC_WARN_UNDECLARED_SELECTOR = YES;
				GCC_WARN_UNINITIALIZED_AUTOS = YES_AGGRESSIVE;
				GCC_WARN_UNUSED_FUNCTION = YES;
				GCC_WARN_UNUSED_VARIABLE = YES;
				IPHONEOS_DEPLOYMENT_TARGET = 17.0;
				LOCALIZATION_PREFERS_STRING_CATALOGS = YES;
				MTL_ENABLE_DEBUG_INFO = NO;
				MTL_FAST_MATH = YES;
				SDKROOT = iphoneos;
				SWIFT_COMPILATION_MODE = wholemodule;
				VALIDATE_PRODUCT = YES;
			};
			name = Release;
		};
		3FC0C4B72BE03FB9000A93F8 /* Debug */ = {
			isa = XCBuildConfiguration;
			buildSettings = {
				ASSETCATALOG_COMPILER_APPICON_NAME = AppIcon;
				ASSETCATALOG_COMPILER_GLOBAL_ACCENT_COLOR_NAME = AccentColor;
				CODE_SIGN_STYLE = Automatic;
				CURRENT_PROJECT_VERSION = 1;
				DEVELOPMENT_ASSET_PATHS = "\"cinematic/Preview Content\"";
				DEVELOPMENT_TEAM = B9VN324JCL;
				ENABLE_PREVIEWS = YES;
				GENERATE_INFOPLIST_FILE = YES;
				INFOPLIST_KEY_UIApplicationSceneManifest_Generation = YES;
				INFOPLIST_KEY_UIApplicationSupportsIndirectInputEvents = YES;
				INFOPLIST_KEY_UILaunchScreen_Generation = YES;
				INFOPLIST_KEY_UISupportedInterfaceOrientations_iPad = "UIInterfaceOrientationPortrait UIInterfaceOrientationPortraitUpsideDown UIInterfaceOrientationLandscapeLeft UIInterfaceOrientationLandscapeRight";
				INFOPLIST_KEY_UISupportedInterfaceOrientations_iPhone = "UIInterfaceOrientationPortrait UIInterfaceOrientationLandscapeLeft UIInterfaceOrientationLandscapeRight";
				LD_RUNPATH_SEARCH_PATHS = (
					"$(inherited)",
					"@executable_path/Frameworks",
				);
				MARKETING_VERSION = 1.0;
				PRODUCT_BUNDLE_IDENTIFIER = eu.iamgio.cinematic;
				PRODUCT_NAME = "$(TARGET_NAME)";
				SWIFT_EMIT_LOC_STRINGS = YES;
				SWIFT_VERSION = 5.0;
				TARGETED_DEVICE_FAMILY = "1,2";
			};
			name = Debug;
		};
		3FC0C4B82BE03FB9000A93F8 /* Release */ = {
			isa = XCBuildConfiguration;
			buildSettings = {
				ASSETCATALOG_COMPILER_APPICON_NAME = AppIcon;
				ASSETCATALOG_COMPILER_GLOBAL_ACCENT_COLOR_NAME = AccentColor;
				CODE_SIGN_STYLE = Automatic;
				CURRENT_PROJECT_VERSION = 1;
				DEVELOPMENT_ASSET_PATHS = "\"cinematic/Preview Content\"";
				DEVELOPMENT_TEAM = B9VN324JCL;
				ENABLE_PREVIEWS = YES;
				GENERATE_INFOPLIST_FILE = YES;
				INFOPLIST_KEY_UIApplicationSceneManifest_Generation = YES;
				INFOPLIST_KEY_UIApplicationSupportsIndirectInputEvents = YES;
				INFOPLIST_KEY_UILaunchScreen_Generation = YES;
				INFOPLIST_KEY_UISupportedInterfaceOrientations_iPad = "UIInterfaceOrientationPortrait UIInterfaceOrientationPortraitUpsideDown UIInterfaceOrientationLandscapeLeft UIInterfaceOrientationLandscapeRight";
				INFOPLIST_KEY_UISupportedInterfaceOrientations_iPhone = "UIInterfaceOrientationPortrait UIInterfaceOrientationLandscapeLeft UIInterfaceOrientationLandscapeRight";
				LD_RUNPATH_SEARCH_PATHS = (
					"$(inherited)",
					"@executable_path/Frameworks",
				);
				MARKETING_VERSION = 1.0;
				PRODUCT_BUNDLE_IDENTIFIER = eu.iamgio.cinematic;
				PRODUCT_NAME = "$(TARGET_NAME)";
				SWIFT_EMIT_LOC_STRINGS = YES;
				SWIFT_VERSION = 5.0;
				TARGETED_DEVICE_FAMILY = "1,2";
			};
			name = Release;
		};
/* End XCBuildConfiguration section */

/* Begin XCConfigurationList section */
		3FC0C49E2BE03FB5000A93F8 /* Build configuration list for PBXProject "cinematic" */ = {
			isa = XCConfigurationList;
			buildConfigurations = (
				3FC0C4B42BE03FB9000A93F8 /* Debug */,
				3FC0C4B52BE03FB9000A93F8 /* Release */,
			);
			defaultConfigurationIsVisible = 0;
			defaultConfigurationName = Release;
		};
		3FC0C4B62BE03FB9000A93F8 /* Build configuration list for PBXNativeTarget "cinematic" */ = {
			isa = XCConfigurationList;
			buildConfigurations = (
				3FC0C4B72BE03FB9000A93F8 /* Debug */,
				3FC0C4B82BE03FB9000A93F8 /* Release */,
			);
			defaultConfigurationIsVisible = 0;
			defaultConfigurationName = Release;
		};
/* End XCConfigurationList section */

/* Begin XCVersionGroup section */
		3FC0C4B12BE03FB9000A93F8 /* cinematic.xcdatamodeld */ = {
			isa = XCVersionGroup;
			children = (
				3FC0C4B22BE03FB9000A93F8 /* cinematic.xcdatamodel */,
			);
			currentVersion = 3FC0C4B22BE03FB9000A93F8 /* cinematic.xcdatamodel */;
			path = cinematic.xcdatamodeld;
			sourceTree = "<group>";
			versionGroupType = wrapper.xcdatamodel;
		};
/* End XCVersionGroup section */
	};
	rootObject = 3FC0C49B2BE03FB5000A93F8 /* Project object */;
}
